
Microsoft Visual Studio Solution File, Format Version 12.00
# Visual Studio Version 17
VisualStudioVersion = 17.5.33516.290
MinimumVisualStudioVersion = 10.0.40219.1
Project("{FAE04EC0-301F-11D3-BF4B-00C04F79EFBC}") = "Contactify", "Contactify\Contactify.csproj", "{8C5224B8-8624-41C2-8406-7A5139EAAF0A}"
EndProject
Global
	GlobalSection(SolutionConfigurationPlatforms) = preSolution
		Debug|Any CPU = Debug|Any CPU
		Release|Any CPU = Release|Any CPU
	EndGlobalSection
	GlobalSection(ProjectConfigurationPlatforms) = postSolution
		{8C5224B8-8624-41C2-8406-7A5139EAAF0A}.Debug|Any CPU.ActiveCfg = Debug|Any CPU
		{8C5224B8-8624-41C2-8406-7A5139EAAF0A}.Debug|Any CPU.Build.0 = Debug|Any CPU
		{8C5224B8-8624-41C2-8406-7A5139EAAF0A}.Release|Any CPU.ActiveCfg = Release|Any CPU
		{8C5224B8-8624-41C2-8406-7A5139EAAF0A}.Release|Any CPU.Build.0 = Release|Any CPU
	EndGlobalSection
	GlobalSection(SolutionProperties) = preSolution
		HideSolutionNode = FALSE
	EndGlobalSection
	GlobalSection(ExtensibilityGlobals) = postSolution
		SolutionGuid = {06C685E8-F57C-45B6-879E-FEB4AADB2D55}
	EndGlobalSection
EndGlobal
